# This file is automatically @generated by Cargo.
# It is not intended for manual editing.
version = 4

[[package]]
name = "bitflags"
version = "1.3.2"
source = "registry+https://github.com/rust-lang/crates.io-index"
checksum = "bef38d45163c2f1dde094a7dfd33ccf595c92905c8f8f4fdc18d06fb1037718a"

[[package]]
name = "libc"
version = "0.2.186"
source = "registry+https://github.com/rust-lang/crates.io-index"
checksum = "68ab91017fe16c622486840e4c83c9a37afeff978bd239b5293d61ece587de66"

[[package]]
name = "mpg123-sys"
version = "0.6.0"
source = "registry+https://github.com/rust-lang/crates.io-index"
checksum = "a75c26239d85c1423091c109fcdabbcfaac868576dc018b0e959137217907610"
dependencies = [
 "bitflags",
 "libc",
 "pkg-config",
]

[[package]]
name = "out123-sys"
version = "0.5.0"
source = "registry+https://github.com/rust-lang/crates.io-index"
checksum = "5da977be7c4b44e2ad26be779aafc1761a89bd2ee6e363770bb71eb67a00d2e5"
dependencies = [
 "libc",
 "mpg123-sys",
 "pkg-config",
]

[[package]]
name = "pkg-config"
version = "0.3.33"
source = "registry+https://github.com/rust-lang/crates.io-index"
checksum = "19f132c84eca552bf34cab8ec81f1c1dcc229b811638f9d283dceabe58c5569e"

[[package]]
name = "play"
version = "0.5.3"
source = "registry+https://github.com/rust-lang/crates.io-index"
checksum = "c570085654588139e9ea2f452fe7dcb78d576da4f1c04d58b98b32fc42744ff0"
dependencies = [
 "libc",
 "mpg123-sys",
 "out123-sys",
]

[[package]]
name = "pomoduro"
version = "0.1.0"
dependencies = [
 "play",
]
